
Microsoft Visual Studio Solution File, Format Version 12.00
# Visual Studio Version 17
VisualStudioVersion = 17.10.34916.146
MinimumVisualStudioVersion = 10.0.40219.1
Project("{FAE04EC0-301F-11D3-BF4B-00C04F79EFBC}") = "WebApiBySuraj", "WebApiBySuraj\WebApiBySuraj.csproj", "{D0F4BA3A-9D52-4004-A26E-6FB42D3A5A21}"
EndProject
Global
	GlobalSection(SolutionConfigurationPlatforms) = preSolution
		Debug|Any CPU = Debug|Any CPU
		Release|Any CPU = Release|Any CPU
	EndGlobalSection
	GlobalSection(ProjectConfigurationPlatforms) = postSolution
		{D0F4BA3A-9D52-4004-A26E-6FB42D3A5A21}.Debug|Any CPU.ActiveCfg = Debug|Any CPU
		{D0F4BA3A-9D52-4004-A26E-6FB42D3A5A21}.Debug|Any CPU.Build.0 = Debug|Any CPU
		{D0F4BA3A-9D52-4004-A26E-6FB42D3A5A21}.Release|Any CPU.ActiveCfg = Release|Any CPU
		{D0F4BA3A-9D52-4004-A26E-6FB42D3A5A21}.Release|Any CPU.Build.0 = Release|Any CPU
	EndGlobalSection
	GlobalSection(SolutionProperties) = preSolution
		HideSolutionNode = FALSE
	EndGlobalSection
	GlobalSection(ExtensibilityGlobals) = postSolution
		SolutionGuid = {19F47D39-7CA5-42D7-8586-E4FE6EDD1481}
	EndGlobalSection
EndGlobal
